// !$*UTF8*$!
{
	archiveVersion = 1;
	classes = {
	};
	objectVersion = 50;
	objects = {

/* Begin PBXBuildFile section */
		B226441A21F141620090775F /* AppDelegate.m in Sources */ = {isa = PBXBuildFile; fileRef = B226441921F141620090775F /* AppDelegate.m */; };
		B226441D21F141620090775F /* ViewController.m in Sources */ = {isa = PBXBuildFile; fileRef = B226441C21F141620090775F /* ViewController.m */; };
		B226442021F141620090775F /* Main.storyboard in Resources */ = {isa = PBXBuildFile; fileRef = B226441E21F141620090775F /* Main.storyboard */; };
		B226442221F141630090775F /* Assets.xcassets in Resources */ = {isa = PBXBuildFile; fileRef = B226442121F141630090775F /* Assets.xcassets */; };
		B226442521F141630090775F /* LaunchScreen.storyboard in Resources */ = {isa = PBXBuildFile; fileRef = B226442321F141630090775F /* LaunchScreen.storyboard */; };
		B226442821F141630090775F /* main.m in Sources */ = {isa = PBXBuildFile; fileRef = B226442721F141630090775F /* main.m */; };
		B226443021F1422B0090775F /* ARSCNViewController.m in Sources */ = {isa = PBXBuildFile; fileRef = B226442E21F1422B0090775F /* ARSCNViewController.m */; };
		B226443221F1423C0090775F /* icon.png in Resources */ = {isa = PBXBuildFile; fileRef = B226443121F1423C0090775F /* icon.png */; };
/* End PBXBuildFile section */

/* Begin PBXFileReference section */
		B226441521F141620090775F /* ARkit.app */ = {isa = PBXFileReference; explicitFileType = wrapper.application; includeInIndex = 0; path = ARkit.app; sourceTree = BUILT_PRODUCTS_DIR; };
		B226441821F141620090775F /* AppDelegate.h */ = {isa = PBXFileReference; lastKnownFileType = sourcecode.c.h; path = AppDelegate.h; sourceTree = "<group>"; };
		B226441921F141620090775F /* AppDelegate.m */ = {isa = PBXFileReference; lastKnownFileType = sourcecode.c.objc; path = AppDelegate.m; sourceTree = "<group>"; };
		B226441B21F141620090775F /* ViewController.h */ = {isa = PBXFileReference; lastKnownFileType = sourcecode.c.h; path = ViewController.h; sourceTree = "<group>"; };
		B226441C21F141620090775F /* ViewController.m */ = {isa = PBXFileReference; lastKnownFileType = sourcecode.c.objc; path = ViewController.m; sourceTree = "<group>"; };
		B226441F21F141620090775F /* Base */ = {isa = PBXFileReference; lastKnownFileType = file.storyboard; name = Base; path = Base.lproj/Main.storyboard; sourceTree = "<group>"; };
		B226442121F141630090775F /* Assets.xcassets */ = {isa = PBXFileReference; lastKnownFileType = folder.assetcatalog; path = Assets.xcassets; sourceTree = "<group>"; };
		B226442421F141630090775F /* Base */ = {isa = PBXFileReference; lastKnownFileType = file.storyboard; name = Base; path = Base.lproj/LaunchScreen.storyboard; sourceTree = "<group>"; };
		B226442621F141630090775F /* Info.plist */ = {isa = PBXFileReference; lastKnownFileType = text.plist.xml; path = Info.plist; sourceTree = "<group>"; };
		B226442721F141630090775F /* main.m */ = {isa = PBXFileReference; lastKnownFileType = sourcecode.c.objc; path = main.m; sourceTree = "<group>"; };
		B226442E21F1422B0090775F /* ARSCNViewController.m */ = {isa = PBXFileReference; fileEncoding = 4; lastKnownFileType = sourcecode.c.objc; path = ARSCNViewController.m; sourceTree = "<group>"; };
		B226442F21F1422B0090775F /* ARSCNViewController.h */ = {isa = PBXFileReference; fileEncoding = 4; lastKnownFileType = sourcecode.c.h; path = ARSCNViewController.h; sourceTree = "<group>"; };
		B226443121F1423C0090775F /* icon.png */ = {isa = PBXFileReference; lastKnownFileType = image.png; path = icon.png; sourceTree = "<group>"; };
/* End PBXFileReference section */

/* Begin PBXFrameworksBuildPhase section */
		B226441221F141620090775F /* Frameworks */ = {
			isa = PBXFrameworksBuildPhase;
			buildActionMask = 2147483647;
			files = (
			);
			runOnlyForDeploymentPostprocessing = 0;
		};
/* End PBXFrameworksBuildPhase section */

/* Begin PBXGroup section */
		B226440C21F141620090775F = {
			isa = PBXGroup;
			children = (
				B226441721F141620090775F /* ARkit */,
				B226441621F141620090775F /* Products */,
			);
			sourceTree = "<group>";
		};
		B226441621F141620090775F /* Products */ = {
			isa = PBXGroup;
			children = (
				B226441521F141620090775F /* ARkit.app */,
			);
			name = Products;
			sourceTree = "<group>";
		};
		B226441721F141620090775F /* ARkit */ = {
			isa = PBXGroup;
			children = (
				B226441821F141620090775F /* AppDelegate.h */,
				B226441921F141620090775F /* AppDelegate.m */,
				B226441B21F141620090775F /* ViewController.h */,
				B226441C21F141620090775F /* ViewController.m */,
				B226443121F1423C0090775F /* icon.png */,
				B226442F21F1422B0090775F /* ARSCNViewController.h */,
				B226442E21F1422B0090775F /* ARSCNViewController.m */,
				B226441E21F141620090775F /* Main.storyboard */,
				B226442121F141630090775F /* Assets.xcassets */,
				B226442321F141630090775F /* LaunchScreen.storyboard */,
				B226442621F141630090775F /* Info.plist */,
				B226442721F141630090775F /* main.m */,
			);
			path = ARkit;
			sourceTree = "<group>";
		};
/* End PBXGroup section */

/* Begin PBXNativeTarget section */
		B226441421F141620090775F /* ARkit */ = {
			isa = PBXNativeTarget;
			buildConfigurationList = B226442B21F141630090775F /* Build configuration list for PBXNativeTarget "ARkit" */;
			buildPhases = (
				B226441121F141620090775F /* Sources */,
				B226441221F141620090775F /* Frameworks */,
				B226441321F141620090775F /* Resources */,
			);
			buildRules = (
			);
			dependencies = (
			);
			name = ARkit;
			productName = ARkit;
			productReference = B226441521F141620090775F /* ARkit.app */;
			productType = "com.apple.product-type.application";
		};
/* End PBXNativeTarget section */

/* Begin PBXProject section */
		B226440D21F141620090775F /* Project object */ = {
			isa = PBXProject;
			attributes = {
				LastUpgradeCheck = 1010;
				ORGANIZATIONNAME = "ShenZhen University";
				TargetAttributes = {
					B226441421F141620090775F = {
						CreatedOnToolsVersion = 10.1;
					};
				};
			};
			buildConfigurationList = B226441021F141620090775F /* Build configuration list for PBXProject "ARkit" */;
			compatibilityVersion = "Xcode 9.3";
			developmentRegion = en;
			hasScannedForEncodings = 0;
			knownRegions = (
				en,
				Base,
			);
			mainGroup = B226440C21F141620090775F;
			productRefGroup = B226441621F141620090775F /* Products */;
			projectDirPath = "";
			projectRoot = "";
			targets = (
				B226441421F141620090775F /* ARkit */,
			);
		};
/* End PBXProject section */

/* Begin PBXResourcesBuildPhase section */
		B226441321F141620090775F /* Resources */ = {
			isa = PBXResourcesBuildPhase;
			buildActionMask = 2147483647;
			files = (
				B226443221F1423C0090775F /* icon.png in Resources */,
				B226442521F141630090775F /* LaunchScreen.storyboard in Resources */,
				B226442221F141630090775F /* Assets.xcassets in Resources */,
				B226442021F141620090775F /* Main.storyboard in Resources */,
			);
			runOnlyForDeploymentPostprocessing = 0;
		};
/* End PBXResourcesBuildPhase section */

/* Begin PBXSourcesBuildPhase section */
		B226441121F141620090775F /* Sources */ = {
			isa = PBXSourcesBuildPhase;
			buildActionMask = 2147483647;
			files = (
				B226441D21F141620090775F /* ViewController.m in Sources */,
				B226442821F141630090775F /* main.m in Sources */,
				B226443021F1422B0090775F /* ARSCNViewController.m in Sources */,
				B226441A21F141620090775F /* AppDelegate.m in Sources */,
			);
			runOnlyForDeploymentPostprocessing = 0;
		};
/* End PBXSourcesBuildPhase section */

/* Begin PBXVariantGroup section */
		B226441E21F141620090775F /* Main.storyboard */ = {
			isa = PBXVariantGroup;
			children = (
				B226441F21F141620090775F /* Base */,
			);
			name = Main.storyboard;
			sourceTree = "<group>";
		};
		B226442321F141630090775F /* LaunchScreen.storyboard */ = {
			isa = PBXVariantGroup;
			children = (
				B226442421F141630090775F /* Base */,
			);
			name = LaunchScreen.storyboard;
			sourceTree = "<group>";
		};
/* End PBXVariantGroup section */

/* Begin XCBuildConfiguration section */
		B226442921F141630090775F /* Debug */ = {
			isa = XCBuildConfiguration;
			buildSettings = {
				ALWAYS_SEARCH_USER_PATHS = NO;
				CLANG_ANALYZER_NONNULL = YES;
				CLANG_ANALYZER_NUMBER_OBJECT_CONVERSION = YES_AGGRESSIVE;
				CLANG_CXX_LANGUAGE_STANDARD = "gnu++14";
				CLANG_CXX_LIBRARY = "libc++";
				CLANG_ENABLE_MODULES = YES;
				CLANG_ENABLE_OBJC_ARC = YES;
				CLANG_ENABLE_OBJC_WEAK = YES;
				CLANG_WARN_BLOCK_CAPTURE_AUTORELEASING = YES;
				CLANG_WARN_BOOL_CONVERSION = YES;
				CLANG_WARN_COMMA = YES;
				CLANG_WARN_CONSTANT_CONVERSION = YES;
				CLANG_WARN_DEPRECATED_OBJC_IMPLEMENTATIONS = YES;
				CLANG_WARN_DIRECT_OBJC_ISA_USAGE = YES_ERROR;
				CLANG_WARN_DOCUMENTATION_COMMENTS = YES;
				CLANG_WARN_EMPTY_BODY = YES;
				CLANG_WARN_ENUM_CONVERSION = YES;
				CLANG_WARN_INFINITE_RECURSION = YES;
				CLANG_WARN_INT_CONVERSION = YES;
				CLANG_WARN_NON_LITERAL_NULL_CONVERSION = YES;
				CLANG_WARN_OBJC_IMPLICIT_RETAIN_SELF = YES;
				CLANG_WARN_OBJC_LITERAL_CONVERSION = YES;
				CLANG_WARN_OBJC_ROOT_CLASS = YES_ERROR;
				CLANG_WARN_RANGE_LOOP_ANALYSIS = YES;
				CLANG_WARN_STRICT_PROTOTYPES = YES;
				CLANG_WARN_SUSPICIOUS_MOVE = YES;
				CLANG_WARN_UNGUARDED_AVAILABILITY = YES_AGGRESSIVE;
				CLANG_WARN_UNREACHABLE_CODE = YES;
				CLANG_WARN__DUPLICATE_METHOD_MATCH = YES;
				CODE_SIGN_IDENTITY = "iPhone Developer";
				COPY_PHASE_STRIP = NO;
				DEBUG_INFORMATION_FORMAT = dwarf;
				ENABLE_STRICT_OBJC_MSGSEND = YES;
				ENABLE_TESTABILITY = YES;
				GCC_C_LANGUAGE_STANDARD = gnu11;
				GCC_DYNAMIC_NO_PIC = NO;
				GCC_NO_COMMON_BLOCKS = YES;
				GCC_OPTIMIZATION_LEVEL = 0;
				GCC_PREPROCESSOR_DEFINITIONS = (
					"DEBUG=1",
					"$(inherited)",
				);
				GCC_WARN_64_TO_32_BIT_CONVERSION = YES;
				GCC_WARN_ABOUT_RETURN_TYPE = YES_ERROR;
				GCC_WARN_UNDECLARED_SELECTOR = YES;
				GCC_WARN_UNINITIALIZED_AUTOS = YES_AGGRESSIVE;
				GCC_WARN_UNUSED_FUNCTION = YES;
				GCC_WARN_UNUSED_VARIABLE = YES;
				IPHONEOS_DEPLOYMENT_TARGET = 12.1;
				MTL_ENABLE_DEBUG_INFO = INCLUDE_SOURCE;
				MTL_FAST_MATH = YES;
				ONLY_ACTIVE_ARCH = YES;
				SDKROOT = iphoneos;
			};
			name = Debug;
		};
		B226442A21F141630090775F /* Release */ = {
			isa = XCBuildConfiguration;
			buildSettings = {
				ALWAYS_SEARCH_USER_PATHS = NO;
				CLANG_ANALYZER_NONNULL = YES;
				CLANG_ANALYZER_NUMBER_OBJECT_CONVERSION = YES_AGGRESSIVE;
				CLANG_CXX_LANGUAGE_STANDARD = "gnu++14";
				CLANG_CXX_LIBRARY = "libc++";
				CLANG_ENABLE_MODULES = YES;
				CLANG_ENABLE_OBJC_ARC = YES;
				CLANG_ENABLE_OBJC_WEAK = YES;
				CLANG_WARN_BLOCK_CAPTURE_AUTORELEASING = YES;
				CLANG_WARN_BOOL_CONVERSION = YES;
				CLANG_WARN_COMMA = YES;
				CLANG_WARN_CONSTANT_CONVERSION = YES;
				CLANG_WARN_DEPRECATED_OBJC_IMPLEMENTATIONS = YES;
				CLANG_WARN_DIRECT_OBJC_ISA_USAGE = YES_ERROR;
				CLANG_WARN_DOCUMENTATION_COMMENTS = YES;
				CLANG_WARN_EMPTY_BODY = YES;
				CLANG_WARN_ENUM_CONVERSION = YES;
				CLANG_WARN_INFINITE_RECURSION = YES;
				CLANG_WARN_INT_CONVERSION = YES;
				CLANG_WARN_NON_LITERAL_NULL_CONVERSION = YES;
				CLANG_WARN_OBJC_IMPLICIT_RETAIN_SELF = YES;
				CLANG_WARN_OBJC_LITERAL_CONVERSION = YES;
				CLANG_WARN_OBJC_ROOT_CLASS = YES_ERROR;
				CLANG_WARN_RANGE_LOOP_ANALYSIS = YES;
				CLANG_WARN_STRICT_PROTOTYPES = YES;
				CLANG_WARN_SUSPICIOUS_MOVE = YES;
				CLANG_WARN_UNGUARDED_AVAILABILITY = YES_AGGRESSIVE;
				CLANG_WARN_UNREACHABLE_CODE = YES;
				CLANG_WARN__DUPLICATE_METHOD_MATCH = YES;
				CODE_SIGN_IDENTITY = "iPhone Developer";
				COPY_PHASE_STRIP = NO;
				DEBUG_INFORMATION_FORMAT = "dwarf-with-dsym";
				ENABLE_NS_ASSERTIONS = NO;
				ENABLE_STRICT_OBJC_MSGSEND = YES;
				GCC_C_LANGUAGE_STANDARD = gnu11;
				GCC_NO_COMMON_BLOCKS = YES;
				GCC_WARN_64_TO_32_BIT_CONVERSION = YES;
				GCC_WARN_ABOUT_RETURN_TYPE = YES_ERROR;
				GCC_WARN_UNDECLARED_SELECTOR = YES;
				GCC_WARN_UNINITIALIZED_AUTOS = YES_AGGRESSIVE;
				GCC_WARN_UNUSED_FUNCTION = YES;
				GCC_WARN_UNUSED_VARIABLE = YES;
				IPHONEOS_DEPLOYMENT_TARGET = 12.1;
				MTL_ENABLE_DEBUG_INFO = NO;
				MTL_FAST_MATH = YES;
				SDKROOT = iphoneos;
				VALIDATE_PRODUCT = YES;
			};
			name = Release;
		};
		B226442C21F141630090775F /* Debug */ = {
			isa = XCBuildConfiguration;
			buildSettings = {
				ASSETCATALOG_COMPILER_APPICON_NAME = AppIcon;
				CODE_SIGN_STYLE = Automatic;
				DEVELOPMENT_TEAM = K5CFSWR8GL;
				INFOPLIST_FILE = ARkit/Info.plist;
				LD_RUNPATH_SEARCH_PATHS = (
					"$(inherited)",
					"@executable_path/Frameworks",
				);
				PRODUCT_BUNDLE_IDENTIFIER = BingshuaiZhao.ARkit;
				PRODUCT_NAME = "$(TARGET_NAME)";
				TARGETED_DEVICE_FAMILY = "1,2";
			};
			name = Debug;
		};
		B226442D21F141630090775F /* Release */ = {
			isa = XCBuildConfiguration;
			buildSettings = {
				ASSETCATALOG_COMPILER_APPICON_NAME = AppIcon;
				CODE_SIGN_STYLE = Automatic;
				DEVELOPMENT_TEAM = K5CFSWR8GL;
				INFOPLIST_FILE = ARkit/Info.plist;
				LD_RUNPATH_SEARCH_PATHS = (
					"$(inherited)",
					"@executable_path/Frameworks",
				);
				PRODUCT_BUNDLE_IDENTIFIER = BingshuaiZhao.ARkit;
				PRODUCT_NAME = "$(TARGET_NAME)";
				TARGETED_DEVICE_FAMILY = "1,2";
			};
			name = Release;
		};
/* End XCBuildConfiguration section */

/* Begin XCConfigurationList section */
		B226441021F141620090775F /* Build configuration list for PBXProject "ARkit" */ = {
			isa = XCConfigurationList;
			buildConfigurations = (
				B226442921F141630090775F /* Debug */,
				B226442A21F141630090775F /* Release */,
			);
			defaultConfigurationIsVisible = 0;
			defaultConfigurationName = Release;
		};
		B226442B21F141630090775F /* Build configuration list for PBXNativeTarget "ARkit" */ = {
			isa = XCConfigurationList;
			buildConfigurations = (
				B226442C21F141630090775F /* Debug */,
				B226442D21F141630090775F /* Release */,
			);
			defaultConfigurationIsVisible = 0;
			defaultConfigurationName = Release;
		};
/* End XCConfigurationList section */
	};
	rootObject = B226440D21F141620090775F /* Project object */;
}
